
Microsoft Visual Studio Solution File, Format Version 12.00
# Visual Studio Version 17
VisualStudioVersion = 17.11.35222.181
MinimumVisualStudioVersion = 10.0.40219.1
Project("{FAE04EC0-301F-11D3-BF4B-00C04F79EFBC}") = "MVC_Cursos", "MVC_Cursos.csproj", "{574C31C8-45A5-438D-97E7-41F2D1DFE358}"
EndProject
Global
	GlobalSection(SolutionConfigurationPlatforms) = preSolution
		Debug|Any CPU = Debug|Any CPU
		Release|Any CPU = Release|Any CPU
	EndGlobalSection
	GlobalSection(ProjectConfigurationPlatforms) = postSolution
		{574C31C8-45A5-438D-97E7-41F2D1DFE358}.Debug|Any CPU.ActiveCfg = Debug|Any CPU
		{574C31C8-45A5-438D-97E7-41F2D1DFE358}.Debug|Any CPU.Build.0 = Debug|Any CPU
		{574C31C8-45A5-438D-97E7-41F2D1DFE358}.Release|Any CPU.ActiveCfg = Release|Any CPU
		{574C31C8-45A5-438D-97E7-41F2D1DFE358}.Release|Any CPU.Build.0 = Release|Any CPU
	EndGlobalSection
	GlobalSection(SolutionProperties) = preSolution
		HideSolutionNode = FALSE
	EndGlobalSection
	GlobalSection(ExtensibilityGlobals) = postSolution
		SolutionGuid = {34BE427B-DDD3-44E1-8A1E-12C3CCD2A798}
	EndGlobalSection
EndGlobal
